{
    "_meta": {
        "hash": {
            "sha256": "120cc15f7e45a59728af927c4aea16e371c2a012b7b8df3042ac715ca84953f3"
        },
        "pipfile-spec": 6,
        "requires": {
            "python_version": "3.7"
        },
        "sources": [
            {
                "name": "pypi",
                "url": "https://pypi.org/simple",
                "verify_ssl": true
            }
        ]
    },
    "default": {
        "pypyodbc": {
            "hashes": [
                "sha256:90a9a1fdbe5c06b875155d82562beb50bb22743190ca9b46a2cb71030ee65496"
            ],
            "index": "pypi",
            "version": "==1.3.5.2"
        }
    },
    "develop": {}
}
